
Microsoft Visual Studio Solution File, Format Version 12.00
# Visual Studio Version 17
VisualStudioVersion = 17.7.34009.444
MinimumVisualStudioVersion = 10.0.40219.1
Project("{FAE04EC0-301F-11D3-BF4B-00C04F79EFBC}") = "CatBreedClassifier", "CatBreedClassifier\CatBreedClassifier.csproj", "{99706B92-360F-4480-A465-D4C9B029331A}"
EndProject
Global
	GlobalSection(SolutionConfigurationPlatforms) = preSolution
		Debug|Any CPU = Debug|Any CPU
		Release|Any CPU = Release|Any CPU
	EndGlobalSection
	GlobalSection(ProjectConfigurationPlatforms) = postSolution
		{99706B92-360F-4480-A465-D4C9B029331A}.Debug|Any CPU.ActiveCfg = Debug|Any CPU
		{99706B92-360F-4480-A465-D4C9B029331A}.Debug|Any CPU.Build.0 = Debug|Any CPU
		{99706B92-360F-4480-A465-D4C9B029331A}.Release|Any CPU.ActiveCfg = Release|Any CPU
		{99706B92-360F-4480-A465-D4C9B029331A}.Release|Any CPU.Build.0 = Release|Any CPU
	EndGlobalSection
	GlobalSection(SolutionProperties) = preSolution
		HideSolutionNode = FALSE
	EndGlobalSection
	GlobalSection(ExtensibilityGlobals) = postSolution
		SolutionGuid = {4F44FEAB-E735-4570-883F-21464AF8E443}
	EndGlobalSection
EndGlobal
